
Microsoft Visual Studio Solution File, Format Version 12.00
# Visual Studio 15
VisualStudioVersion = 15.0.27703.2000
MinimumVisualStudioVersion = 10.0.40219.1
Project("{FAE04EC0-301F-11D3-BF4B-00C04F79EFBC}") = "MpesaDaraja", "MpesaDaraja\MpesaDaraja.csproj", "{1A269DA4-C337-4F94-A45F-0607FB76CD44}"
EndProject
Global
	GlobalSection(SolutionConfigurationPlatforms) = preSolution
		Debug|Any CPU = Debug|Any CPU
		Release|Any CPU = Release|Any CPU
	EndGlobalSection
	GlobalSection(ProjectConfigurationPlatforms) = postSolution
		{1A269DA4-C337-4F94-A45F-0607FB76CD44}.Debug|Any CPU.ActiveCfg = Debug|Any CPU
		{1A269DA4-C337-4F94-A45F-0607FB76CD44}.Debug|Any CPU.Build.0 = Debug|Any CPU
		{1A269DA4-C337-4F94-A45F-0607FB76CD44}.Release|Any CPU.ActiveCfg = Release|Any CPU
		{1A269DA4-C337-4F94-A45F-0607FB76CD44}.Release|Any CPU.Build.0 = Release|Any CPU
	EndGlobalSection
	GlobalSection(SolutionProperties) = preSolution
		HideSolutionNode = FALSE
	EndGlobalSection
	GlobalSection(ExtensibilityGlobals) = postSolution
		SolutionGuid = {4E2B43B3-F331-4C6E-B345-C8AD13F1DF4A}
	EndGlobalSection
EndGlobal
